
Microsoft Visual Studio Solution File, Format Version 12.00
# Visual Studio 14
VisualStudioVersion = 14.0.25420.1
MinimumVisualStudioVersion = 10.0.40219.1
Project("{FAE04EC0-301F-11D3-BF4B-00C04F79EFBC}") = "RentalTracker.Web", "RentalTracker\RentalTracker.Web.csproj", "{4BF29C9A-A0E3-42CA-A30A-8969C678D535}"
EndProject
Project("{FAE04EC0-301F-11D3-BF4B-00C04F79EFBC}") = "RentalTracker.Web.Tests", "RentalTracker.Tests\RentalTracker.Web.Tests.csproj", "{45362B22-380E-4B09-BDCD-FBD076C385F4}"
EndProject
Project("{FAE04EC0-301F-11D3-BF4B-00C04F79EFBC}") = "RentalTracker.Domain", "RentalTracker.Domain\RentalTracker.Domain.csproj", "{2DA54D48-8481-44C9-851B-B415A7827707}"
EndProject
Project("{FAE04EC0-301F-11D3-BF4B-00C04F79EFBC}") = "RentalTracker.Domain.Tests", "RentalTracker.Domain.Tests\RentalTracker.Domain.Tests.csproj", "{39DC2AD1-648D-46ED-9FA1-FE620BEA1556}"
EndProject
Project("{FAE04EC0-301F-11D3-BF4B-00C04F79EFBC}") = "RentalTracker.DAL", "RentalTracker.DAL\RentalTracker.DAL.csproj", "{FAF5E952-FB44-4FFC-818E-2C37B46556B6}"
EndProject
Project("{FAE04EC0-301F-11D3-BF4B-00C04F79EFBC}") = "RentalTracker.DAL.Tests", "RentalTracker.DAL.Tests\RentalTracker.DAL.Tests.csproj", "{29182770-6FDE-42CC-9130-DDE0B00B6A1F}"
EndProject
Project("{FAE04EC0-301F-11D3-BF4B-00C04F79EFBC}") = "DesignTimeHelpers", "DesignTimeHelpers\DesignTimeHelpers.csproj", "{1E40FDD0-01A1-44EA-BD83-3EC9D5F4F79C}"
EndProject
Global
	GlobalSection(SolutionConfigurationPlatforms) = preSolution
		Debug|Any CPU = Debug|Any CPU
		Release|Any CPU = Release|Any CPU
	EndGlobalSection
	GlobalSection(ProjectConfigurationPlatforms) = postSolution
		{4BF29C9A-A0E3-42CA-A30A-8969C678D535}.Debug|Any CPU.ActiveCfg = Debug|Any CPU
		{4BF29C9A-A0E3-42CA-A30A-8969C678D535}.Debug|Any CPU.Build.0 = Debug|Any CPU
		{4BF29C9A-A0E3-42CA-A30A-8969C678D535}.Release|Any CPU.ActiveCfg = Release|Any CPU
		{4BF29C9A-A0E3-42CA-A30A-8969C678D535}.Release|Any CPU.Build.0 = Release|Any CPU
		{45362B22-380E-4B09-BDCD-FBD076C385F4}.Debug|Any CPU.ActiveCfg = Debug|Any CPU
		{45362B22-380E-4B09-BDCD-FBD076C385F4}.Debug|Any CPU.Build.0 = Debug|Any CPU
		{45362B22-380E-4B09-BDCD-FBD076C385F4}.Release|Any CPU.ActiveCfg = Release|Any CPU
		{45362B22-380E-4B09-BDCD-FBD076C385F4}.Release|Any CPU.Build.0 = Release|Any CPU
		{2DA54D48-8481-44C9-851B-B415A7827707}.Debug|Any CPU.ActiveCfg = Debug|Any CPU
		{2DA54D48-8481-44C9-851B-B415A7827707}.Debug|Any CPU.Build.0 = Debug|Any CPU
		{2DA54D48-8481-44C9-851B-B415A7827707}.Release|Any CPU.ActiveCfg = Release|Any CPU
		{2DA54D48-8481-44C9-851B-B415A7827707}.Release|Any CPU.Build.0 = Release|Any CPU
		{39DC2AD1-648D-46ED-9FA1-FE620BEA1556}.Debug|Any CPU.ActiveCfg = Debug|Any CPU
		{39DC2AD1-648D-46ED-9FA1-FE620BEA1556}.Debug|Any CPU.Build.0 = Debug|Any CPU
		{39DC2AD1-648D-46ED-9FA1-FE620BEA1556}.Release|Any CPU.ActiveCfg = Release|Any CPU
		{39DC2AD1-648D-46ED-9FA1-FE620BEA1556}.Release|Any CPU.Build.0 = Release|Any CPU
		{FAF5E952-FB44-4FFC-818E-2C37B46556B6}.Debug|Any CPU.ActiveCfg = Debug|Any CPU
		{FAF5E952-FB44-4FFC-818E-2C37B46556B6}.Debug|Any CPU.Build.0 = Debug|Any CPU
		{FAF5E952-FB44-4FFC-818E-2C37B46556B6}.Release|Any CPU.ActiveCfg = Release|Any CPU
		{FAF5E952-FB44-4FFC-818E-2C37B46556B6}.Release|Any CPU.Build.0 = Release|Any CPU
		{29182770-6FDE-42CC-9130-DDE0B00B6A1F}.Debug|Any CPU.ActiveCfg = Debug|Any CPU
		{29182770-6FDE-42CC-9130-DDE0B00B6A1F}.Debug|Any CPU.Build.0 = Debug|Any CPU
		{29182770-6FDE-42CC-9130-DDE0B00B6A1F}.Release|Any CPU.ActiveCfg = Release|Any CPU
		{29182770-6FDE-42CC-9130-DDE0B00B6A1F}.Release|Any CPU.Build.0 = Release|Any CPU
		{1E40FDD0-01A1-44EA-BD83-3EC9D5F4F79C}.Debug|Any CPU.ActiveCfg = Debug|Any CPU
		{1E40FDD0-01A1-44EA-BD83-3EC9D5F4F79C}.Debug|Any CPU.Build.0 = Debug|Any CPU
		{1E40FDD0-01A1-44EA-BD83-3EC9D5F4F79C}.Release|Any CPU.ActiveCfg = Release|Any CPU
		{1E40FDD0-01A1-44EA-BD83-3EC9D5F4F79C}.Release|Any CPU.Build.0 = Release|Any CPU
	EndGlobalSection
	GlobalSection(SolutionProperties) = preSolution
		HideSolutionNode = FALSE
	EndGlobalSection
EndGlobal
